
Microsoft Visual Studio Solution File, Format Version 12.00
# Visual Studio 2012
Project("{8BC9CEB8-8B4A-11D0-8D11-00A0C91BC942}") = "mbedos", "mbedos\mbedos.vcxproj", "{F48F577C-B51D-40D9-BAB6-07F79717B13E}"
EndProject
Project("{8BC9CEB8-8B4A-11D0-8D11-00A0C91BC942}") = "application", "application\application.vcxproj", "{564A6DEE-B985-43D5-9197-4858ADCDF07A}"
	ProjectSection(ProjectDependencies) = postProject
		{F48F577C-B51D-40D9-BAB6-07F79717B13E} = {F48F577C-B51D-40D9-BAB6-07F79717B13E}
	EndProjectSection
EndProject
Global
	GlobalSection(SolutionConfigurationPlatforms) = preSolution
		Debug|VisualGDB = Debug|VisualGDB
		Release|VisualGDB = Release|VisualGDB
	EndGlobalSection
	GlobalSection(ProjectConfigurationPlatforms) = postSolution
		{F48F577C-B51D-40D9-BAB6-07F79717B13E}.Debug|VisualGDB.ActiveCfg = Debug|VisualGDB
		{F48F577C-B51D-40D9-BAB6-07F79717B13E}.Debug|VisualGDB.Build.0 = Debug|VisualGDB
		{F48F577C-B51D-40D9-BAB6-07F79717B13E}.Release|VisualGDB.ActiveCfg = Release|VisualGDB
		{F48F577C-B51D-40D9-BAB6-07F79717B13E}.Release|VisualGDB.Build.0 = Release|VisualGDB
		{564A6DEE-B985-43D5-9197-4858ADCDF07A}.Debug|VisualGDB.ActiveCfg = Debug|VisualGDB
		{564A6DEE-B985-43D5-9197-4858ADCDF07A}.Debug|VisualGDB.Build.0 = Debug|VisualGDB
		{564A6DEE-B985-43D5-9197-4858ADCDF07A}.Release|VisualGDB.ActiveCfg = Release|VisualGDB
		{564A6DEE-B985-43D5-9197-4858ADCDF07A}.Release|VisualGDB.Build.0 = Release|VisualGDB
	EndGlobalSection
	GlobalSection(SolutionProperties) = preSolution
		HideSolutionNode = FALSE
	EndGlobalSection
EndGlobal
